// !$*UTF8*$!
{
	archiveVersion = 1;
	classes = {
	};
	objectVersion = 46;
	objects = {

/* Begin PBXBuildFile section */
		3D44204416A8EE1E00F1A343 /* CoreLocation.framework in Frameworks */ = {isa = PBXBuildFile; fileRef = 3D44204316A8EE1E00F1A343 /* CoreLocation.framework */; };
		3D44204716A8EE7C00F1A343 /* UIDEMapsViewController.m in Sources */ = {isa = PBXBuildFile; fileRef = 3D44204616A8EE7C00F1A343 /* UIDEMapsViewController.m */; };
		3D44204B16A8F3BE00F1A343 /* ZUUIRevealController.h in Sources */ = {isa = PBXBuildFile; fileRef = 3D44204916A8EEBA00F1A343 /* ZUUIRevealController.h */; };
		3D44204C16A8F3BE00F1A343 /* ZUUIRevealController.m in Sources */ = {isa = PBXBuildFile; fileRef = 3D44204A16A8EEBA00F1A343 /* ZUUIRevealController.m */; };
		3D5D56F816AB635F0037C9CD /* MapBox.framework in Frameworks */ = {isa = PBXBuildFile; fileRef = 3D5D56F716AB635F0037C9CD /* MapBox.framework */; };
		3D5D56FD16AB63E80037C9CD /* libz.dylib in Frameworks */ = {isa = PBXBuildFile; fileRef = 3D5D56FC16AB63E80037C9CD /* libz.dylib */; };
		3D5D56FF16AB64050037C9CD /* libsqlite3.dylib in Frameworks */ = {isa = PBXBuildFile; fileRef = 3D5D56FE16AB64050037C9CD /* libsqlite3.dylib */; };
		3D5D570116AB64480037C9CD /* MapBox.bundle in Resources */ = {isa = PBXBuildFile; fileRef = 3D5D570016AB64480037C9CD /* MapBox.bundle */; };
		3D5D571316AB6BA40037C9CD /* Historico.mbtiles in Resources */ = {isa = PBXBuildFile; fileRef = 3D5D571216AB67590037C9CD /* Historico.mbtiles */; };
		3D5D571A16ACC5880037C9CD /* NewsViewController.m in Sources */ = {isa = PBXBuildFile; fileRef = 3D5D571916ACC5880037C9CD /* NewsViewController.m */; };
		3D5D572216ACD3250037C9CD /* arrow.png in Resources */ = {isa = PBXBuildFile; fileRef = 3D5D572016ACD3250037C9CD /* arrow.png */; };
		3D5D572316ACD3250037C9CD /* arrow@2x.png in Resources */ = {isa = PBXBuildFile; fileRef = 3D5D572116ACD3250037C9CD /* arrow@2x.png */; };
		3D5D572416ACD4830037C9CD /* PullToRefreshView.h in Sources */ = {isa = PBXBuildFile; fileRef = 3D5D571E16ACD3110037C9CD /* PullToRefreshView.h */; };
		3D5D572516ACD4830037C9CD /* PullToRefreshView.m in Sources */ = {isa = PBXBuildFile; fileRef = 3D5D571F16ACD3110037C9CD /* PullToRefreshView.m */; };
		3D5D572916ACE97F0037C9CD /* SVProgressHUD.h in Sources */ = {isa = PBXBuildFile; fileRef = 3D5D572716ACE9780037C9CD /* SVProgressHUD.h */; };
		3D5D572A16ACE97F0037C9CD /* SVProgressHUD.m in Sources */ = {isa = PBXBuildFile; fileRef = 3D5D572816ACE9780037C9CD /* SVProgressHUD.m */; };
		A521396F16A8AF34008D00B2 /* UIKit.framework in Frameworks */ = {isa = PBXBuildFile; fileRef = A521396E16A8AF34008D00B2 /* UIKit.framework */; };
		A521397116A8AF34008D00B2 /* Foundation.framework in Frameworks */ = {isa = PBXBuildFile; fileRef = A521397016A8AF34008D00B2 /* Foundation.framework */; };
		A521397316A8AF34008D00B2 /* CoreGraphics.framework in Frameworks */ = {isa = PBXBuildFile; fileRef = A521397216A8AF34008D00B2 /* CoreGraphics.framework */; };
		A521397916A8AF34008D00B2 /* InfoPlist.strings in Resources */ = {isa = PBXBuildFile; fileRef = A521397716A8AF34008D00B2 /* InfoPlist.strings */; };
		A521397B16A8AF34008D00B2 /* main.m in Sources */ = {isa = PBXBuildFile; fileRef = A521397A16A8AF34008D00B2 /* main.m */; };
		A521397F16A8AF34008D00B2 /* AppDelegate.m in Sources */ = {isa = PBXBuildFile; fileRef = A521397E16A8AF34008D00B2 /* AppDelegate.m */; };
		A521398116A8AF34008D00B2 /* Default.png in Resources */ = {isa = PBXBuildFile; fileRef = A521398016A8AF34008D00B2 /* Default.png */; };
		A521398316A8AF35008D00B2 /* Default@2x.png in Resources */ = {isa = PBXBuildFile; fileRef = A521398216A8AF35008D00B2 /* Default@2x.png */; };
		A521398516A8AF35008D00B2 /* Default-568h@2x.png in Resources */ = {isa = PBXBuildFile; fileRef = A521398416A8AF35008D00B2 /* Default-568h@2x.png */; };
		A521398816A8AF35008D00B2 /* MainStoryboard.storyboard in Resources */ = {isa = PBXBuildFile; fileRef = A521398616A8AF35008D00B2 /* MainStoryboard.storyboard */; };
		A521398B16A8AF35008D00B2 /* MainMenuViewController.m in Sources */ = {isa = PBXBuildFile; fileRef = A521398A16A8AF35008D00B2 /* MainMenuViewController.m */; };
		A52139B116A8B431008D00B2 /* PSTCollectionView.m in Sources */ = {isa = PBXBuildFile; fileRef = A521399916A8B431008D00B2 /* PSTCollectionView.m */; };
		A52139B216A8B431008D00B2 /* PSTCollectionViewCell.m in Sources */ = {isa = PBXBuildFile; fileRef = A521399B16A8B431008D00B2 /* PSTCollectionViewCell.m */; };
		A52139B316A8B431008D00B2 /* PSTCollectionViewController.m in Sources */ = {isa = PBXBuildFile; fileRef = A521399E16A8B431008D00B2 /* PSTCollectionViewController.m */; };
		A52139B416A8B431008D00B2 /* PSTCollectionViewData.m in Sources */ = {isa = PBXBuildFile; fileRef = A52139A016A8B431008D00B2 /* PSTCollectionViewData.m */; };
		A52139B516A8B431008D00B2 /* PSTCollectionViewFlowLayout.m in Sources */ = {isa = PBXBuildFile; fileRef = A52139A216A8B431008D00B2 /* PSTCollectionViewFlowLayout.m */; };
		A52139B616A8B431008D00B2 /* PSTCollectionViewItemKey.m in Sources */ = {isa = PBXBuildFile; fileRef = A52139A416A8B431008D00B2 /* PSTCollectionViewItemKey.m */; };
		A52139B716A8B431008D00B2 /* PSTCollectionViewLayout.m in Sources */ = {isa = PBXBuildFile; fileRef = A52139A616A8B431008D00B2 /* PSTCollectionViewLayout.m */; };
		A52139B816A8B431008D00B2 /* PSTCollectionViewUpdateItem.m in Sources */ = {isa = PBXBuildFile; fileRef = A52139A816A8B431008D00B2 /* PSTCollectionViewUpdateItem.m */; };
		A52139B916A8B431008D00B2 /* PSTGridLayoutInfo.m in Sources */ = {isa = PBXBuildFile; fileRef = A52139AA16A8B431008D00B2 /* PSTGridLayoutInfo.m */; };
		A52139BA16A8B431008D00B2 /* PSTGridLayoutItem.m in Sources */ = {isa = PBXBuildFile; fileRef = A52139AC16A8B431008D00B2 /* PSTGridLayoutItem.m */; };
		A52139BB16A8B431008D00B2 /* PSTGridLayoutRow.m in Sources */ = {isa = PBXBuildFile; fileRef = A52139AE16A8B431008D00B2 /* PSTGridLayoutRow.m */; };
		A52139BC16A8B431008D00B2 /* PSTGridLayoutSection.m in Sources */ = {isa = PBXBuildFile; fileRef = A52139B016A8B431008D00B2 /* PSTGridLayoutSection.m */; };
		A52139D616A8B93E008D00B2 /* QuartzCore.framework in Frameworks */ = {isa = PBXBuildFile; fileRef = A52139D516A8B93E008D00B2 /* QuartzCore.framework */; };
		A52139D916A8BBB9008D00B2 /* MainMenuButtonCell.m in Sources */ = {isa = PBXBuildFile; fileRef = A52139D816A8BBB9008D00B2 /* MainMenuButtonCell.m */; };
/* End PBXBuildFile section */

/* Begin PBXFileReference section */
		3D44204316A8EE1E00F1A343 /* CoreLocation.framework */ = {isa = PBXFileReference; lastKnownFileType = wrapper.framework; name = CoreLocation.framework; path = System/Library/Frameworks/CoreLocation.framework; sourceTree = SDKROOT; };
		3D44204516A8EE7B00F1A343 /* UIDEMapsViewController.h */ = {isa = PBXFileReference; fileEncoding = 4; lastKnownFileType = sourcecode.c.h; path = UIDEMapsViewController.h; sourceTree = "<group>"; };
		3D44204616A8EE7C00F1A343 /* UIDEMapsViewController.m */ = {isa = PBXFileReference; fileEncoding = 4; lastKnownFileType = sourcecode.c.objc; path = UIDEMapsViewController.m; sourceTree = "<group>"; };
		3D44204916A8EEBA00F1A343 /* ZUUIRevealController.h */ = {isa = PBXFileReference; lastKnownFileType = sourcecode.c.h; path = ZUUIRevealController.h; sourceTree = "<group>"; };
		3D44204A16A8EEBA00F1A343 /* ZUUIRevealController.m */ = {isa = PBXFileReference; lastKnownFileType = sourcecode.c.objc; path = ZUUIRevealController.m; sourceTree = "<group>"; };
		3D5D56F716AB635F0037C9CD /* MapBox.framework */ = {isa = PBXFileReference; lastKnownFileType = wrapper.framework; name = MapBox.framework; path = ../../../../Downloads/MapBox.framework; sourceTree = "<group>"; };
		3D5D56FA16AB63DE0037C9CD /* libsqlite3.0.dylib */ = {isa = PBXFileReference; lastKnownFileType = "compiled.mach-o.dylib"; name = libsqlite3.0.dylib; path = usr/lib/libsqlite3.0.dylib; sourceTree = SDKROOT; };
		3D5D56FC16AB63E80037C9CD /* libz.dylib */ = {isa = PBXFileReference; lastKnownFileType = "compiled.mach-o.dylib"; name = libz.dylib; path = usr/lib/libz.dylib; sourceTree = SDKROOT; };
		3D5D56FE16AB64050037C9CD /* libsqlite3.dylib */ = {isa = PBXFileReference; lastKnownFileType = "compiled.mach-o.dylib"; name = libsqlite3.dylib; path = usr/lib/libsqlite3.dylib; sourceTree = SDKROOT; };
		3D5D570016AB64480037C9CD /* MapBox.bundle */ = {isa = PBXFileReference; lastKnownFileType = "wrapper.plug-in"; path = MapBox.bundle; sourceTree = "<group>"; };
		3D5D571216AB67590037C9CD /* Historico.mbtiles */ = {isa = PBXFileReference; lastKnownFileType = file; path = Historico.mbtiles; sourceTree = "<group>"; };
		3D5D571816ACC5880037C9CD /* NewsViewController.h */ = {isa = PBXFileReference; fileEncoding = 4; lastKnownFileType = sourcecode.c.h; path = NewsViewController.h; sourceTree = "<group>"; };
		3D5D571916ACC5880037C9CD /* NewsViewController.m */ = {isa = PBXFileReference; fileEncoding = 4; lastKnownFileType = sourcecode.c.objc; path = NewsViewController.m; sourceTree = "<group>"; };
		3D5D571E16ACD3110037C9CD /* PullToRefreshView.h */ = {isa = PBXFileReference; lastKnownFileType = sourcecode.c.h; path = PullToRefreshView.h; sourceTree = "<group>"; };
		3D5D571F16ACD3110037C9CD /* PullToRefreshView.m */ = {isa = PBXFileReference; lastKnownFileType = sourcecode.c.objc; path = PullToRefreshView.m; sourceTree = "<group>"; };
		3D5D572016ACD3250037C9CD /* arrow.png */ = {isa = PBXFileReference; lastKnownFileType = image.png; path = arrow.png; sourceTree = "<group>"; };
		3D5D572116ACD3250037C9CD /* arrow@2x.png */ = {isa = PBXFileReference; lastKnownFileType = image.png; path = "arrow@2x.png"; sourceTree = "<group>"; };
		3D5D572716ACE9780037C9CD /* SVProgressHUD.h */ = {isa = PBXFileReference; lastKnownFileType = sourcecode.c.h; path = SVProgressHUD.h; sourceTree = "<group>"; };
		3D5D572816ACE9780037C9CD /* SVProgressHUD.m */ = {isa = PBXFileReference; lastKnownFileType = sourcecode.c.objc; path = SVProgressHUD.m; sourceTree = "<group>"; };
		A521396A16A8AF34008D00B2 /* UIDE.app */ = {isa = PBXFileReference; explicitFileType = wrapper.application; includeInIndex = 0; path = UIDE.app; sourceTree = BUILT_PRODUCTS_DIR; };
		A521396E16A8AF34008D00B2 /* UIKit.framework */ = {isa = PBXFileReference; lastKnownFileType = wrapper.framework; name = UIKit.framework; path = System/Library/Frameworks/UIKit.framework; sourceTree = SDKROOT; };
		A521397016A8AF34008D00B2 /* Foundation.framework */ = {isa = PBXFileReference; lastKnownFileType = wrapper.framework; name = Foundation.framework; path = System/Library/Frameworks/Foundation.framework; sourceTree = SDKROOT; };
		A521397216A8AF34008D00B2 /* CoreGraphics.framework */ = {isa = PBXFileReference; lastKnownFileType = wrapper.framework; name = CoreGraphics.framework; path = System/Library/Frameworks/CoreGraphics.framework; sourceTree = SDKROOT; };
		A521397616A8AF34008D00B2 /* UIDE-Info.plist */ = {isa = PBXFileReference; lastKnownFileType = text.plist.xml; path = "UIDE-Info.plist"; sourceTree = "<group>"; };
		A521397816A8AF34008D00B2 /* en */ = {isa = PBXFileReference; lastKnownFileType = text.plist.strings; name = en; path = en.lproj/InfoPlist.strings; sourceTree = "<group>"; };
		A521397A16A8AF34008D00B2 /* main.m */ = {isa = PBXFileReference; lastKnownFileType = sourcecode.c.objc; path = main.m; sourceTree = "<group>"; };
		A521397C16A8AF34008D00B2 /* UIDE-Prefix.pch */ = {isa = PBXFileReference; lastKnownFileType = sourcecode.c.h; path = "UIDE-Prefix.pch"; sourceTree = "<group>"; };
		A521397D16A8AF34008D00B2 /* AppDelegate.h */ = {isa = PBXFileReference; lastKnownFileType = sourcecode.c.h; path = AppDelegate.h; sourceTree = "<group>"; };
		A521397E16A8AF34008D00B2 /* AppDelegate.m */ = {isa = PBXFileReference; lastKnownFileType = sourcecode.c.objc; path = AppDelegate.m; sourceTree = "<group>"; };
		A521398016A8AF34008D00B2 /* Default.png */ = {isa = PBXFileReference; lastKnownFileType = image.png; path = Default.png; sourceTree = "<group>"; };
		A521398216A8AF35008D00B2 /* Default@2x.png */ = {isa = PBXFileReference; lastKnownFileType = image.png; path = "Default@2x.png"; sourceTree = "<group>"; };
		A521398416A8AF35008D00B2 /* Default-568h@2x.png */ = {isa = PBXFileReference; lastKnownFileType = image.png; path = "Default-568h@2x.png"; sourceTree = "<group>"; };
		A521398716A8AF35008D00B2 /* en */ = {isa = PBXFileReference; lastKnownFileType = file.storyboard; name = en; path = en.lproj/MainStoryboard.storyboard; sourceTree = "<group>"; };
		A521398916A8AF35008D00B2 /* MainMenuViewController.h */ = {isa = PBXFileReference; lastKnownFileType = sourcecode.c.h; path = MainMenuViewController.h; sourceTree = "<group>"; };
		A521398A16A8AF35008D00B2 /* MainMenuViewController.m */ = {isa = PBXFileReference; lastKnownFileType = sourcecode.c.objc; path = MainMenuViewController.m; sourceTree = "<group>"; };
		A521399816A8B431008D00B2 /* PSTCollectionView.h */ = {isa = PBXFileReference; fileEncoding = 4; lastKnownFileType = sourcecode.c.h; path = PSTCollectionView.h; sourceTree = "<group>"; };
		A521399916A8B431008D00B2 /* PSTCollectionView.m */ = {isa = PBXFileReference; fileEncoding = 4; lastKnownFileType = sourcecode.c.objc; path = PSTCollectionView.m; sourceTree = "<group>"; };
		A521399A16A8B431008D00B2 /* PSTCollectionViewCell.h */ = {isa = PBXFileReference; fileEncoding = 4; lastKnownFileType = sourcecode.c.h; path = PSTCollectionViewCell.h; sourceTree = "<group>"; };
		A521399B16A8B431008D00B2 /* PSTCollectionViewCell.m */ = {isa = PBXFileReference; fileEncoding = 4; lastKnownFileType = sourcecode.c.objc; path = PSTCollectionViewCell.m; sourceTree = "<group>"; };
		A521399C16A8B431008D00B2 /* PSTCollectionViewCommon.h */ = {isa = PBXFileReference; fileEncoding = 4; lastKnownFileType = sourcecode.c.h; path = PSTCollectionViewCommon.h; sourceTree = "<group>"; };
		A521399D16A8B431008D00B2 /* PSTCollectionViewController.h */ = {isa = PBXFileReference; fileEncoding = 4; lastKnownFileType = sourcecode.c.h; path = PSTCollectionViewController.h; sourceTree = "<group>"; };
		A521399E16A8B431008D00B2 /* PSTCollectionViewController.m */ = {isa = PBXFileReference; fileEncoding = 4; lastKnownFileType = sourcecode.c.objc; path = PSTCollectionViewController.m; sourceTree = "<group>"; };
		A521399F16A8B431008D00B2 /* PSTCollectionViewData.h */ = {isa = PBXFileReference; fileEncoding = 4; lastKnownFileType = sourcecode.c.h; path = PSTCollectionViewData.h; sourceTree = "<group>"; };
		A52139A016A8B431008D00B2 /* PSTCollectionViewData.m */ = {isa = PBXFileReference; fileEncoding = 4; lastKnownFileType = sourcecode.c.objc; path = PSTCollectionViewData.m; sourceTree = "<group>"; };
		A52139A116A8B431008D00B2 /* PSTCollectionViewFlowLayout.h */ = {isa = PBXFileReference; fileEncoding = 4; lastKnownFileType = sourcecode.c.h; path = PSTCollectionViewFlowLayout.h; sourceTree = "<group>"; };
		A52139A216A8B431008D00B2 /* PSTCollectionViewFlowLayout.m */ = {isa = PBXFileReference; fileEncoding = 4; lastKnownFileType = sourcecode.c.objc; path = PSTCollectionViewFlowLayout.m; sourceTree = "<group>"; };
		A52139A316A8B431008D00B2 /* PSTCollectionViewItemKey.h */ = {isa = PBXFileReference; fileEncoding = 4; lastKnownFileType = sourcecode.c.h; path = PSTCollectionViewItemKey.h; sourceTree = "<group>"; };
		A52139A416A8B431008D00B2 /* PSTCollectionViewItemKey.m */ = {isa = PBXFileReference; fileEncoding = 4; lastKnownFileType = sourcecode.c.objc; path = PSTCollectionViewItemKey.m; sourceTree = "<group>"; };
		A52139A516A8B431008D00B2 /* PSTCollectionViewLayout.h */ = {isa = PBXFileReference; fileEncoding = 4; lastKnownFileType = sourcecode.c.h; path = PSTCollectionViewLayout.h; sourceTree = "<group>"; };
		A52139A616A8B431008D00B2 /* PSTCollectionViewLayout.m */ = {isa = PBXFileReference; fileEncoding = 4; lastKnownFileType = sourcecode.c.objc; path = PSTCollectionViewLayout.m; sourceTree = "<group>"; };
		A52139A716A8B431008D00B2 /* PSTCollectionViewUpdateItem.h */ = {isa = PBXFileReference; fileEncoding = 4; lastKnownFileType = sourcecode.c.h; path = PSTCollectionViewUpdateItem.h; sourceTree = "<group>"; };
		A52139A816A8B431008D00B2 /* PSTCollectionViewUpdateItem.m */ = {isa = PBXFileReference; fileEncoding = 4; lastKnownFileType = sourcecode.c.objc; path = PSTCollectionViewUpdateItem.m; sourceTree = "<group>"; };
		A52139A916A8B431008D00B2 /* PSTGridLayoutInfo.h */ = {isa = PBXFileReference; fileEncoding = 4; lastKnownFileType = sourcecode.c.h; path = PSTGridLayoutInfo.h; sourceTree = "<group>"; };
		A52139AA16A8B431008D00B2 /* PSTGridLayoutInfo.m */ = {isa = PBXFileReference; fileEncoding = 4; lastKnownFileType = sourcecode.c.objc; path = PSTGridLayoutInfo.m; sourceTree = "<group>"; };
		A52139AB16A8B431008D00B2 /* PSTGridLayoutItem.h */ = {isa = PBXFileReference; fileEncoding = 4; lastKnownFileType = sourcecode.c.h; path = PSTGridLayoutItem.h; sourceTree = "<group>"; };
		A52139AC16A8B431008D00B2 /* PSTGridLayoutItem.m */ = {isa = PBXFileReference; fileEncoding = 4; lastKnownFileType = sourcecode.c.objc; path = PSTGridLayoutItem.m; sourceTree = "<group>"; };
		A52139AD16A8B431008D00B2 /* PSTGridLayoutRow.h */ = {isa = PBXFileReference; fileEncoding = 4; lastKnownFileType = sourcecode.c.h; path = PSTGridLayoutRow.h; sourceTree = "<group>"; };
		A52139AE16A8B431008D00B2 /* PSTGridLayoutRow.m */ = {isa = PBXFileReference; fileEncoding = 4; lastKnownFileType = sourcecode.c.objc; path = PSTGridLayoutRow.m; sourceTree = "<group>"; };
		A52139AF16A8B431008D00B2 /* PSTGridLayoutSection.h */ = {isa = PBXFileReference; fileEncoding = 4; lastKnownFileType = sourcecode.c.h; path = PSTGridLayoutSection.h; sourceTree = "<group>"; };
		A52139B016A8B431008D00B2 /* PSTGridLayoutSection.m */ = {isa = PBXFileReference; fileEncoding = 4; lastKnownFileType = sourcecode.c.objc; path = PSTGridLayoutSection.m; sourceTree = "<group>"; };
		A52139D516A8B93E008D00B2 /* QuartzCore.framework */ = {isa = PBXFileReference; lastKnownFileType = wrapper.framework; name = QuartzCore.framework; path = System/Library/Frameworks/QuartzCore.framework; sourceTree = SDKROOT; };
		A52139D716A8BBB9008D00B2 /* MainMenuButtonCell.h */ = {isa = PBXFileReference; fileEncoding = 4; lastKnownFileType = sourcecode.c.h; path = MainMenuButtonCell.h; sourceTree = "<group>"; };
		A52139D816A8BBB9008D00B2 /* MainMenuButtonCell.m */ = {isa = PBXFileReference; fileEncoding = 4; lastKnownFileType = sourcecode.c.objc; path = MainMenuButtonCell.m; sourceTree = "<group>"; };
/* End PBXFileReference section */

/* Begin PBXFrameworksBuildPhase section */
		A521396716A8AF34008D00B2 /* Frameworks */ = {
			isa = PBXFrameworksBuildPhase;
			buildActionMask = 2147483647;
			files = (
				3D5D56FF16AB64050037C9CD /* libsqlite3.dylib in Frameworks */,
				3D5D56FD16AB63E80037C9CD /* libz.dylib in Frameworks */,
				3D5D56F816AB635F0037C9CD /* MapBox.framework in Frameworks */,
				3D44204416A8EE1E00F1A343 /* CoreLocation.framework in Frameworks */,
				A52139D616A8B93E008D00B2 /* QuartzCore.framework in Frameworks */,
				A521396F16A8AF34008D00B2 /* UIKit.framework in Frameworks */,
				A521397116A8AF34008D00B2 /* Foundation.framework in Frameworks */,
				A521397316A8AF34008D00B2 /* CoreGraphics.framework in Frameworks */,
			);
			runOnlyForDeploymentPostprocessing = 0;
		};
/* End PBXFrameworksBuildPhase section */

/* Begin PBXGroup section */
		3D44204816A8EEA900F1A343 /* ZUUIRevealController */ = {
			isa = PBXGroup;
			children = (
				3D44204916A8EEBA00F1A343 /* ZUUIRevealController.h */,
				3D44204A16A8EEBA00F1A343 /* ZUUIRevealController.m */,
			);
			name = ZUUIRevealController;
			sourceTree = "<group>";
		};
		3D5D571116AB674F0037C9CD /* Maps */ = {
			isa = PBXGroup;
			children = (
				3D5D571216AB67590037C9CD /* Historico.mbtiles */,
			);
			name = Maps;
			sourceTree = "<group>";
		};
		3D5D571D16ACD3020037C9CD /* PullToRefreshView */ = {
			isa = PBXGroup;
			children = (
				3D5D571E16ACD3110037C9CD /* PullToRefreshView.h */,
				3D5D571F16ACD3110037C9CD /* PullToRefreshView.m */,
			);
			name = PullToRefreshView;
			sourceTree = "<group>";
		};
		3D5D572616ACE9600037C9CD /* SVProgressHUD */ = {
			isa = PBXGroup;
			children = (
				3D5D572716ACE9780037C9CD /* SVProgressHUD.h */,
				3D5D572816ACE9780037C9CD /* SVProgressHUD.m */,
			);
			name = SVProgressHUD;
			sourceTree = "<group>";
		};
		A521395F16A8AF34008D00B2 = {
			isa = PBXGroup;
			children = (
				3D5D570016AB64480037C9CD /* MapBox.bundle */,
				3D5D56FE16AB64050037C9CD /* libsqlite3.dylib */,
				3D5D56FC16AB63E80037C9CD /* libz.dylib */,
				3D5D56FA16AB63DE0037C9CD /* libsqlite3.0.dylib */,
				3D5D56F716AB635F0037C9CD /* MapBox.framework */,
				3D44204316A8EE1E00F1A343 /* CoreLocation.framework */,
				A52139D516A8B93E008D00B2 /* QuartzCore.framework */,
				A521397416A8AF34008D00B2 /* UIDE */,
				A521396D16A8AF34008D00B2 /* Frameworks */,
				A521396B16A8AF34008D00B2 /* Products */,
			);
			sourceTree = "<group>";
		};
		A521396B16A8AF34008D00B2 /* Products */ = {
			isa = PBXGroup;
			children = (
				A521396A16A8AF34008D00B2 /* UIDE.app */,
			);
			name = Products;
			sourceTree = "<group>";
		};
		A521396D16A8AF34008D00B2 /* Frameworks */ = {
			isa = PBXGroup;
			children = (
				A521396E16A8AF34008D00B2 /* UIKit.framework */,
				A521397016A8AF34008D00B2 /* Foundation.framework */,
				A521397216A8AF34008D00B2 /* CoreGraphics.framework */,
			);
			name = Frameworks;
			sourceTree = "<group>";
		};
		A521397416A8AF34008D00B2 /* UIDE */ = {
			isa = PBXGroup;
			children = (
				3D5D572616ACE9600037C9CD /* SVProgressHUD */,
				3D5D571D16ACD3020037C9CD /* PullToRefreshView */,
				3D44204816A8EEA900F1A343 /* ZUUIRevealController */,
				A521399716A8B431008D00B2 /* PSTCollectionView */,
				A521397D16A8AF34008D00B2 /* AppDelegate.h */,
				A521397E16A8AF34008D00B2 /* AppDelegate.m */,
				A521398616A8AF35008D00B2 /* MainStoryboard.storyboard */,
				A521398916A8AF35008D00B2 /* MainMenuViewController.h */,
				A521398A16A8AF35008D00B2 /* MainMenuViewController.m */,
				3D44204516A8EE7B00F1A343 /* UIDEMapsViewController.h */,
				3D44204616A8EE7C00F1A343 /* UIDEMapsViewController.m */,
				A521397516A8AF34008D00B2 /* Supporting Files */,
				A52139D716A8BBB9008D00B2 /* MainMenuButtonCell.h */,
				A52139D816A8BBB9008D00B2 /* MainMenuButtonCell.m */,
				3D5D571816ACC5880037C9CD /* NewsViewController.h */,
				3D5D571916ACC5880037C9CD /* NewsViewController.m */,
			);
			path = UIDE;
			sourceTree = "<group>";
		};
		A521397516A8AF34008D00B2 /* Supporting Files */ = {
			isa = PBXGroup;
			children = (
				3D5D572016ACD3250037C9CD /* arrow.png */,
				3D5D572116ACD3250037C9CD /* arrow@2x.png */,
				3D5D571116AB674F0037C9CD /* Maps */,
				A521397616A8AF34008D00B2 /* UIDE-Info.plist */,
				A521397716A8AF34008D00B2 /* InfoPlist.strings */,
				A521397A16A8AF34008D00B2 /* main.m */,
				A521397C16A8AF34008D00B2 /* UIDE-Prefix.pch */,
				A521398016A8AF34008D00B2 /* Default.png */,
				A521398216A8AF35008D00B2 /* Default@2x.png */,
				A521398416A8AF35008D00B2 /* Default-568h@2x.png */,
			);
			name = "Supporting Files";
			sourceTree = "<group>";
		};
		A521399716A8B431008D00B2 /* PSTCollectionView */ = {
			isa = PBXGroup;
			children = (
				A521399816A8B431008D00B2 /* PSTCollectionView.h */,
				A521399916A8B431008D00B2 /* PSTCollectionView.m */,
				A521399A16A8B431008D00B2 /* PSTCollectionViewCell.h */,
				A521399B16A8B431008D00B2 /* PSTCollectionViewCell.m */,
				A521399C16A8B431008D00B2 /* PSTCollectionViewCommon.h */,
				A521399D16A8B431008D00B2 /* PSTCollectionViewController.h */,
				A521399E16A8B431008D00B2 /* PSTCollectionViewController.m */,
				A521399F16A8B431008D00B2 /* PSTCollectionViewData.h */,
				A52139A016A8B431008D00B2 /* PSTCollectionViewData.m */,
				A52139A116A8B431008D00B2 /* PSTCollectionViewFlowLayout.h */,
				A52139A216A8B431008D00B2 /* PSTCollectionViewFlowLayout.m */,
				A52139A316A8B431008D00B2 /* PSTCollectionViewItemKey.h */,
				A52139A416A8B431008D00B2 /* PSTCollectionViewItemKey.m */,
				A52139A516A8B431008D00B2 /* PSTCollectionViewLayout.h */,
				A52139A616A8B431008D00B2 /* PSTCollectionViewLayout.m */,
				A52139A716A8B431008D00B2 /* PSTCollectionViewUpdateItem.h */,
				A52139A816A8B431008D00B2 /* PSTCollectionViewUpdateItem.m */,
				A52139A916A8B431008D00B2 /* PSTGridLayoutInfo.h */,
				A52139AA16A8B431008D00B2 /* PSTGridLayoutInfo.m */,
				A52139AB16A8B431008D00B2 /* PSTGridLayoutItem.h */,
				A52139AC16A8B431008D00B2 /* PSTGridLayoutItem.m */,
				A52139AD16A8B431008D00B2 /* PSTGridLayoutRow.h */,
				A52139AE16A8B431008D00B2 /* PSTGridLayoutRow.m */,
				A52139AF16A8B431008D00B2 /* PSTGridLayoutSection.h */,
				A52139B016A8B431008D00B2 /* PSTGridLayoutSection.m */,
			);
			path = PSTCollectionView;
			sourceTree = "<group>";
		};
/* End PBXGroup section */

/* Begin PBXNativeTarget section */
		A521396916A8AF34008D00B2 /* UIDE */ = {
			isa = PBXNativeTarget;
			buildConfigurationList = A521398E16A8AF35008D00B2 /* Build configuration list for PBXNativeTarget "UIDE" */;
			buildPhases = (
				A521396616A8AF34008D00B2 /* Sources */,
				A521396716A8AF34008D00B2 /* Frameworks */,
				A521396816A8AF34008D00B2 /* Resources */,
			);
			buildRules = (
			);
			dependencies = (
			);
			name = UIDE;
			productName = UIDE;
			productReference = A521396A16A8AF34008D00B2 /* UIDE.app */;
			productType = "com.apple.product-type.application";
		};
/* End PBXNativeTarget section */

/* Begin PBXProject section */
		A521396116A8AF34008D00B2 /* Project object */ = {
			isa = PBXProject;
			attributes = {
				LastUpgradeCheck = 0450;
				ORGANIZATIONNAME = UIDE;
			};
			buildConfigurationList = A521396416A8AF34008D00B2 /* Build configuration list for PBXProject "UIDE" */;
			compatibilityVersion = "Xcode 3.2";
			developmentRegion = English;
			hasScannedForEncodings = 0;
			knownRegions = (
				en,
			);
			mainGroup = A521395F16A8AF34008D00B2;
			productRefGroup = A521396B16A8AF34008D00B2 /* Products */;
			projectDirPath = "";
			projectRoot = "";
			targets = (
				A521396916A8AF34008D00B2 /* UIDE */,
			);
		};
/* End PBXProject section */

/* Begin PBXResourcesBuildPhase section */
		A521396816A8AF34008D00B2 /* Resources */ = {
			isa = PBXResourcesBuildPhase;
			buildActionMask = 2147483647;
			files = (
				3D5D571316AB6BA40037C9CD /* Historico.mbtiles in Resources */,
				A521397916A8AF34008D00B2 /* InfoPlist.strings in Resources */,
				A521398116A8AF34008D00B2 /* Default.png in Resources */,
				A521398316A8AF35008D00B2 /* Default@2x.png in Resources */,
				A521398516A8AF35008D00B2 /* Default-568h@2x.png in Resources */,
				A521398816A8AF35008D00B2 /* MainStoryboard.storyboard in Resources */,
				3D5D570116AB64480037C9CD /* MapBox.bundle in Resources */,
				3D5D572216ACD3250037C9CD /* arrow.png in Resources */,
				3D5D572316ACD3250037C9CD /* arrow@2x.png in Resources */,
			);
			runOnlyForDeploymentPostprocessing = 0;
		};
/* End PBXResourcesBuildPhase section */

/* Begin PBXSourcesBuildPhase section */
		A521396616A8AF34008D00B2 /* Sources */ = {
			isa = PBXSourcesBuildPhase;
			buildActionMask = 2147483647;
			files = (
				3D5D572916ACE97F0037C9CD /* SVProgressHUD.h in Sources */,
				3D5D572A16ACE97F0037C9CD /* SVProgressHUD.m in Sources */,
				3D5D572416ACD4830037C9CD /* PullToRefreshView.h in Sources */,
				3D5D572516ACD4830037C9CD /* PullToRefreshView.m in Sources */,
				3D44204B16A8F3BE00F1A343 /* ZUUIRevealController.h in Sources */,
				3D44204C16A8F3BE00F1A343 /* ZUUIRevealController.m in Sources */,
				A521397B16A8AF34008D00B2 /* main.m in Sources */,
				A521397F16A8AF34008D00B2 /* AppDelegate.m in Sources */,
				A521398B16A8AF35008D00B2 /* MainMenuViewController.m in Sources */,
				A52139B116A8B431008D00B2 /* PSTCollectionView.m in Sources */,
				A52139B216A8B431008D00B2 /* PSTCollectionViewCell.m in Sources */,
				A52139B316A8B431008D00B2 /* PSTCollectionViewController.m in Sources */,
				A52139B416A8B431008D00B2 /* PSTCollectionViewData.m in Sources */,
				A52139B516A8B431008D00B2 /* PSTCollectionViewFlowLayout.m in Sources */,
				A52139B616A8B431008D00B2 /* PSTCollectionViewItemKey.m in Sources */,
				A52139B716A8B431008D00B2 /* PSTCollectionViewLayout.m in Sources */,
				A52139B816A8B431008D00B2 /* PSTCollectionViewUpdateItem.m in Sources */,
				A52139B916A8B431008D00B2 /* PSTGridLayoutInfo.m in Sources */,
				A52139BA16A8B431008D00B2 /* PSTGridLayoutItem.m in Sources */,
				A52139BB16A8B431008D00B2 /* PSTGridLayoutRow.m in Sources */,
				A52139BC16A8B431008D00B2 /* PSTGridLayoutSection.m in Sources */,
				A52139D916A8BBB9008D00B2 /* MainMenuButtonCell.m in Sources */,
				3D44204716A8EE7C00F1A343 /* UIDEMapsViewController.m in Sources */,
				3D5D571A16ACC5880037C9CD /* NewsViewController.m in Sources */,
			);
			runOnlyForDeploymentPostprocessing = 0;
		};
/* End PBXSourcesBuildPhase section */

/* Begin PBXVariantGroup section */
		A521397716A8AF34008D00B2 /* InfoPlist.strings */ = {
			isa = PBXVariantGroup;
			children = (
				A521397816A8AF34008D00B2 /* en */,
			);
			name = InfoPlist.strings;
			sourceTree = "<group>";
		};
		A521398616A8AF35008D00B2 /* MainStoryboard.storyboard */ = {
			isa = PBXVariantGroup;
			children = (
				A521398716A8AF35008D00B2 /* en */,
			);
			name = MainStoryboard.storyboard;
			sourceTree = "<group>";
		};
/* End PBXVariantGroup section */

/* Begin XCBuildConfiguration section */
		A521398C16A8AF35008D00B2 /* Debug */ = {
			isa = XCBuildConfiguration;
			buildSettings = {
				ALWAYS_SEARCH_USER_PATHS = NO;
				CLANG_CXX_LANGUAGE_STANDARD = "gnu++0x";
				CLANG_CXX_LIBRARY = "libc++";
				CLANG_ENABLE_OBJC_ARC = YES;
				CLANG_WARN_EMPTY_BODY = YES;
				CLANG_WARN__DUPLICATE_METHOD_MATCH = YES;
				"CODE_SIGN_IDENTITY[sdk=iphoneos*]" = "iPhone Developer";
				COPY_PHASE_STRIP = NO;
				GCC_C_LANGUAGE_STANDARD = gnu99;
				GCC_DYNAMIC_NO_PIC = NO;
				GCC_OPTIMIZATION_LEVEL = 0;
				GCC_PREPROCESSOR_DEFINITIONS = (
					"DEBUG=1",
					"$(inherited)",
				);
				GCC_SYMBOLS_PRIVATE_EXTERN = NO;
				GCC_WARN_ABOUT_RETURN_TYPE = YES;
				GCC_WARN_UNINITIALIZED_AUTOS = YES;
				GCC_WARN_UNUSED_VARIABLE = YES;
				IPHONEOS_DEPLOYMENT_TARGET = 6.0;
				ONLY_ACTIVE_ARCH = YES;
				SDKROOT = iphoneos;
			};
			name = Debug;
		};
		A521398D16A8AF35008D00B2 /* Release */ = {
			isa = XCBuildConfiguration;
			buildSettings = {
				ALWAYS_SEARCH_USER_PATHS = NO;
				CLANG_CXX_LANGUAGE_STANDARD = "gnu++0x";
				CLANG_CXX_LIBRARY = "libc++";
				CLANG_ENABLE_OBJC_ARC = YES;
				CLANG_WARN_EMPTY_BODY = YES;
				CLANG_WARN__DUPLICATE_METHOD_MATCH = YES;
				"CODE_SIGN_IDENTITY[sdk=iphoneos*]" = "iPhone Developer";
				COPY_PHASE_STRIP = YES;
				GCC_C_LANGUAGE_STANDARD = gnu99;
				GCC_WARN_ABOUT_RETURN_TYPE = YES;
				GCC_WARN_UNINITIALIZED_AUTOS = YES;
				GCC_WARN_UNUSED_VARIABLE = YES;
				IPHONEOS_DEPLOYMENT_TARGET = 6.0;
				OTHER_CFLAGS = "-DNS_BLOCK_ASSERTIONS=1";
				SDKROOT = iphoneos;
				VALIDATE_PRODUCT = YES;
			};
			name = Release;
		};
		A521398F16A8AF35008D00B2 /* Debug */ = {
			isa = XCBuildConfiguration;
			buildSettings = {
				FRAMEWORK_SEARCH_PATHS = (
					"$(inherited)",
					"\"$(SRCROOT)/../../../../Downloads\"",
				);
				GCC_PRECOMPILE_PREFIX_HEADER = YES;
				GCC_PREFIX_HEADER = "UIDE/UIDE-Prefix.pch";
				INFOPLIST_FILE = "UIDE/UIDE-Info.plist";
				IPHONEOS_DEPLOYMENT_TARGET = 5.0;
				OTHER_LDFLAGS = "-ObjC";
				PRODUCT_NAME = "$(TARGET_NAME)";
				WRAPPER_EXTENSION = app;
			};
			name = Debug;
		};
		A521399016A8AF35008D00B2 /* Release */ = {
			isa = XCBuildConfiguration;
			buildSettings = {
				FRAMEWORK_SEARCH_PATHS = (
					"$(inherited)",
					"\"$(SRCROOT)/../../../../Downloads\"",
				);
				GCC_PRECOMPILE_PREFIX_HEADER = YES;
				GCC_PREFIX_HEADER = "UIDE/UIDE-Prefix.pch";
				INFOPLIST_FILE = "UIDE/UIDE-Info.plist";
				IPHONEOS_DEPLOYMENT_TARGET = 5.0;
				OTHER_LDFLAGS = "-ObjC";
				PRODUCT_NAME = "$(TARGET_NAME)";
				WRAPPER_EXTENSION = app;
			};
			name = Release;
		};
/* End XCBuildConfiguration section */

/* Begin XCConfigurationList section */
		A521396416A8AF34008D00B2 /* Build configuration list for PBXProject "UIDE" */ = {
			isa = XCConfigurationList;
			buildConfigurations = (
				A521398C16A8AF35008D00B2 /* Debug */,
				A521398D16A8AF35008D00B2 /* Release */,
			);
			defaultConfigurationIsVisible = 0;
			defaultConfigurationName = Release;
		};
		A521398E16A8AF35008D00B2 /* Build configuration list for PBXNativeTarget "UIDE" */ = {
			isa = XCConfigurationList;
			buildConfigurations = (
				A521398F16A8AF35008D00B2 /* Debug */,
				A521399016A8AF35008D00B2 /* Release */,
			);
			defaultConfigurationIsVisible = 0;
			defaultConfigurationName = Release;
		};
/* End XCConfigurationList section */
	};
	rootObject = A521396116A8AF34008D00B2 /* Project object */;
}
